{
  "requires": true,
  "lockfileVersion": 1,
  "dependencies": {
    "node": {
      "version": "10.24.1",
      "resolved": "https://registry.npmjs.org/node/-/node-10.24.1.tgz",
      "integrity": "sha512-3VQ/FYdesUorecUrJAB2ZxeE9E/3Lm1/g0A5Y3jdnDgu/nK9G7pFBgDUlrLkb9FKWPd4pa3ieOAjvlwLSa4F1w==",
      "requires": {
        "node-bin-setup": "^1.0.0"
      }
    },
    "node-bin-setup": {
      "version": "1.0.6",
      "resolved": "https://registry.npmjs.org/node-bin-setup/-/node-bin-setup-1.0.6.tgz",
      "integrity": "sha512-uPIxXNis1CRbv1DwqAxkgBk5NFV3s7cMN/Gf556jSw6jBvV7ca4F9lRL/8cALcZecRibeqU+5dFYqFFmzv5a0Q=="
    }
  }
}
